
Microsoft Visual Studio Solution File, Format Version 12.00
# Visual Studio Version 16
VisualStudioVersion = 16.0.30717.126
MinimumVisualStudioVersion = 10.0.40219.1
Project("{FAE04EC0-301F-11D3-BF4B-00C04F79EFBC}") = "ForExerciseWithArrays", "ForExerciseWithArrays\ForExerciseWithArrays.csproj", "{C7B07C12-5B06-4C5B-A450-96A91BCEABEC}"
EndProject
Global
	GlobalSection(SolutionConfigurationPlatforms) = preSolution
		Debug|Any CPU = Debug|Any CPU
		Release|Any CPU = Release|Any CPU
	EndGlobalSection
	GlobalSection(ProjectConfigurationPlatforms) = postSolution
		{C7B07C12-5B06-4C5B-A450-96A91BCEABEC}.Debug|Any CPU.ActiveCfg = Debug|Any CPU
		{C7B07C12-5B06-4C5B-A450-96A91BCEABEC}.Debug|Any CPU.Build.0 = Debug|Any CPU
		{C7B07C12-5B06-4C5B-A450-96A91BCEABEC}.Release|Any CPU.ActiveCfg = Release|Any CPU
		{C7B07C12-5B06-4C5B-A450-96A91BCEABEC}.Release|Any CPU.Build.0 = Release|Any CPU
	EndGlobalSection
	GlobalSection(SolutionProperties) = preSolution
		HideSolutionNode = FALSE
	EndGlobalSection
	GlobalSection(ExtensibilityGlobals) = postSolution
		SolutionGuid = {E002CB62-2AED-4E37-9D1B-8FA7D19DD5A9}
	EndGlobalSection
EndGlobal
